{
  "version": 4,
  "terraform_version": "1.12.0",
  "serial": 3,
  "lineage": "a67e0f86-6ea1-1765-fda3-973723898d3a",
  "outputs": {
    "automation_account_id": {
      "value": "/subscriptions/bbd50fd8-6a3e-4d6f-8d20-cf6f43c9c461/resourceGroups/rg-psconfeu-001/providers/Microsoft.Automation/automationAccounts/myAutomationAccount",
      "type": "string"
    },
    "resource_group_id": {
      "value": "/subscriptions/bbd50fd8-6a3e-4d6f-8d20-cf6f43c9c461/resourceGroups/rg-psconfeu-001",
      "type": "string"
    }
  },
  "resources": [
    {
      "mode": "managed",
      "type": "azurerm_automation_account",
      "name": "example",
      "provider": "provider[\"registry.terraform.io/hashicorp/azurerm\"]",
      "instances": [
        {
          "schema_version": 0,
          "attributes": {
            "dsc_primary_access_key": "zJopc9yuXdI3/o7nssyO+bGViPTR75l42UZK70Kfi6tX31DL2/lHpacgrSHVSIxjdA8hDNZo0h2fpFuL93B7dQ==",
            "dsc_secondary_access_key": "WD/IGRg7eIRGBe34uxMK2jjOAQDD4Y38MdXSamT2UW99wh6Vm+qGyw7+VZ8rLlPJ4JdkiGd7bGlU3PFl+E7WTA==",
            "dsc_server_endpoint": "https://9d6d6381-649a-4091-87cb-6f3a2162560a.agentsvc.uks.azure-automation.net/accounts/9d6d6381-649a-4091-87cb-6f3a2162560a",
            "encryption": [],
            "hybrid_service_url": "https://9d6d6381-649a-4091-87cb-6f3a2162560a.jrds.uks.azure-automation.net/automationAccounts/9d6d6381-649a-4091-87cb-6f3a2162560a",
            "id": "/subscriptions/bbd50fd8-6a3e-4d6f-8d20-cf6f43c9c461/resourceGroups/rg-psconfeu-001/providers/Microsoft.Automation/automationAccounts/myAutomationAccount",
            "identity": [],
            "local_authentication_enabled": true,
            "location": "uksouth",
            "name": "myAutomationAccount",
            "private_endpoint_connection": [],
            "public_network_access_enabled": true,
            "resource_group_name": "rg-psconfeu-001",
            "sku_name": "Basic",
            "tags": null,
            "timeouts": null
          },
          "sensitive_attributes": [
            [
              {
                "type": "get_attr",
                "value": "dsc_primary_access_key"
              }
            ],
            [
              {
                "type": "get_attr",
                "value": "dsc_secondary_access_key"
              }
            ]
          ],
          "identity_schema_version": 0,
          "private": "eyJlMmJmYjczMC1lY2FhLTExZTYtOGY4OC0zNDM2M2JjN2M0YzAiOnsiY3JlYXRlIjoxODAwMDAwMDAwMDAwLCJkZWxldGUiOjE4MDAwMDAwMDAwMDAsInJlYWQiOjMwMDAwMDAwMDAwMCwidXBkYXRlIjoxODAwMDAwMDAwMDAwfX0=",
          "dependencies": [
            "azurerm_resource_group.example"
          ]
        }
      ]
    },
    {
      "mode": "managed",
      "type": "azurerm_resource_group",
      "name": "example",
      "provider": "provider[\"registry.terraform.io/hashicorp/azurerm\"]",
      "instances": [
        {
          "schema_version": 0,
          "attributes": {
            "id": "/subscriptions/bbd50fd8-6a3e-4d6f-8d20-cf6f43c9c461/resourceGroups/rg-psconfeu-001",
            "location": "uksouth",
            "managed_by": "",
            "name": "rg-psconfeu-001",
            "tags": null,
            "timeouts": null
          },
          "sensitive_attributes": [],
          "identity_schema_version": 0,
          "private": "eyJlMmJmYjczMC1lY2FhLTExZTYtOGY4OC0zNDM2M2JjN2M0YzAiOnsiY3JlYXRlIjo1NDAwMDAwMDAwMDAwLCJkZWxldGUiOjU0MDAwMDAwMDAwMDAsInJlYWQiOjMwMDAwMDAwMDAwMCwidXBkYXRlIjo1NDAwMDAwMDAwMDAwfX0="
        }
      ]
    }
  ],
  "check_results": null
}
